
Microsoft Visual Studio Solution File, Format Version 12.00
# Visual Studio Version 17
VisualStudioVersion = 17.9.34616.47
MinimumVisualStudioVersion = 10.0.40219.1
Project("{FAE04EC0-301F-11D3-BF4B-00C04F79EFBC}") = "WebAPI", "WebAPI\WebAPI.csproj", "{D92E043B-CA91-4F38-A883-C13DD28BBBE9}"
EndProject
Project("{FAE04EC0-301F-11D3-BF4B-00C04F79EFBC}") = "WEBAPI.DAL", "WEBAPI.DAL\WEBAPI.DAL.csproj", "{BE1E99C3-57AF-49B8-B75C-9635ECC55D54}"
EndProject
Project("{FAE04EC0-301F-11D3-BF4B-00C04F79EFBC}") = "WebAPI.BAL", "WebAPI.BAL\WebAPI.BAL.csproj", "{7A5F2E0C-4F85-4516-86E6-C1BA4B2F40D4}"
EndProject
Global
	GlobalSection(SolutionConfigurationPlatforms) = preSolution
		Debug|Any CPU = Debug|Any CPU
		Release|Any CPU = Release|Any CPU
	EndGlobalSection
	GlobalSection(ProjectConfigurationPlatforms) = postSolution
		{D92E043B-CA91-4F38-A883-C13DD28BBBE9}.Debug|Any CPU.ActiveCfg = Debug|Any CPU
		{D92E043B-CA91-4F38-A883-C13DD28BBBE9}.Debug|Any CPU.Build.0 = Debug|Any CPU
		{D92E043B-CA91-4F38-A883-C13DD28BBBE9}.Release|Any CPU.ActiveCfg = Release|Any CPU
		{D92E043B-CA91-4F38-A883-C13DD28BBBE9}.Release|Any CPU.Build.0 = Release|Any CPU
		{BE1E99C3-57AF-49B8-B75C-9635ECC55D54}.Debug|Any CPU.ActiveCfg = Debug|Any CPU
		{BE1E99C3-57AF-49B8-B75C-9635ECC55D54}.Debug|Any CPU.Build.0 = Debug|Any CPU
		{BE1E99C3-57AF-49B8-B75C-9635ECC55D54}.Release|Any CPU.ActiveCfg = Release|Any CPU
		{BE1E99C3-57AF-49B8-B75C-9635ECC55D54}.Release|Any CPU.Build.0 = Release|Any CPU
		{7A5F2E0C-4F85-4516-86E6-C1BA4B2F40D4}.Debug|Any CPU.ActiveCfg = Debug|Any CPU
		{7A5F2E0C-4F85-4516-86E6-C1BA4B2F40D4}.Debug|Any CPU.Build.0 = Debug|Any CPU
		{7A5F2E0C-4F85-4516-86E6-C1BA4B2F40D4}.Release|Any CPU.ActiveCfg = Release|Any CPU
		{7A5F2E0C-4F85-4516-86E6-C1BA4B2F40D4}.Release|Any CPU.Build.0 = Release|Any CPU
	EndGlobalSection
	GlobalSection(SolutionProperties) = preSolution
		HideSolutionNode = FALSE
	EndGlobalSection
	GlobalSection(ExtensibilityGlobals) = postSolution
		SolutionGuid = {5F459AC9-CC6A-4418-A75F-AEFB8BA65926}
	EndGlobalSection
EndGlobal
